// !$*UTF8*$!
{
	archiveVersion = 1;
	classes = {
	};
	objectVersion = 56;
	objects = {

/* Begin PBXBuildFile section */
		A10000000000000000000001 /* DailyWidgetApp.swift in Sources */ = {isa = PBXBuildFile; fileRef = A20000000000000000000001 /* DailyWidgetApp.swift */; };
		A10000000000000000000002 /* ContentView.swift in Sources */ = {isa = PBXBuildFile; fileRef = A20000000000000000000002 /* ContentView.swift */; };
		A10000000000000000000003 /* TimelineView.swift in Sources */ = {isa = PBXBuildFile; fileRef = A20000000000000000000003 /* TimelineView.swift */; };
		A10000000000000000000004 /* PlannerStore.swift in Sources */ = {isa = PBXBuildFile; fileRef = A20000000000000000000004 /* PlannerStore.swift */; };
		A10000000000000000000005 /* PlannerTask.swift in Sources */ = {isa = PBXBuildFile; fileRef = A20000000000000000000005 /* PlannerTask.swift */; };
		A10000000000000000000006 /* WidgetSnapshot.swift in Sources */ = {isa = PBXBuildFile; fileRef = A20000000000000000000006 /* WidgetSnapshot.swift */; };
		A10000000000000000000007 /* DailyWidgetWidget.swift in Sources */ = {isa = PBXBuildFile; fileRef = A20000000000000000000007 /* DailyWidgetWidget.swift */; };
		A10000000000000000000008 /* PlannerTask.swift in Sources */ = {isa = PBXBuildFile; fileRef = A20000000000000000000005 /* PlannerTask.swift */; };
		A10000000000000000000009 /* WidgetSnapshot.swift in Sources */ = {isa = PBXBuildFile; fileRef = A20000000000000000000006 /* WidgetSnapshot.swift */; };
		A10000000000000000000010 /* DailyWidgetWidget.appex in Embed Foundation Extensions */ = {isa = PBXBuildFile; fileRef = A20000000000000000000008 /* DailyWidgetWidget.appex */; settings = {ATTRIBUTES = (RemoveHeadersOnCopy, ); }; };
		A10000000000000000000011 /* Assets.xcassets in Resources */ = {isa = PBXBuildFile; fileRef = A20000000000000000000014 /* Assets.xcassets */; };
		A10000000000000000000012 /* DesignSystem.swift in Sources */ = {isa = PBXBuildFile; fileRef = A20000000000000000000015 /* DesignSystem.swift */; };
		A10000000000000000000013 /* DesignSystem.swift in Sources */ = {isa = PBXBuildFile; fileRef = A20000000000000000000015 /* DesignSystem.swift */; };
		A10000000000000000000014 /* TaskRepository.swift in Sources */ = {isa = PBXBuildFile; fileRef = A20000000000000000000016 /* TaskRepository.swift */; };
		A10000000000000000000015 /* TaskRepository.swift in Sources */ = {isa = PBXBuildFile; fileRef = A20000000000000000000016 /* TaskRepository.swift */; };
		A10000000000000000000016 /* TaskRepository.swift in Sources */ = {isa = PBXBuildFile; fileRef = A20000000000000000000016 /* TaskRepository.swift */; };
		A10000000000000000000017 /* PlannerTask.swift in Sources */ = {isa = PBXBuildFile; fileRef = A20000000000000000000005 /* PlannerTask.swift */; };
		A10000000000000000000018 /* WidgetSnapshot.swift in Sources */ = {isa = PBXBuildFile; fileRef = A20000000000000000000006 /* WidgetSnapshot.swift */; };
		A10000000000000000000019 /* TaskRepositoryTests.swift in Sources */ = {isa = PBXBuildFile; fileRef = A20000000000000000000017 /* TaskRepositoryTests.swift */; };
		A10000000000000000000020 /* WidgetSnapshotTests.swift in Sources */ = {isa = PBXBuildFile; fileRef = A20000000000000000000018 /* WidgetSnapshotTests.swift */; };
/* End PBXBuildFile section */

/* Begin PBXContainerItemProxy section */
		A30000000000000000000001 /* PBXContainerItemProxy */ = {
			isa = PBXContainerItemProxy;
			containerPortal = A40000000000000000000001 /* Project object */;
			proxyType = 1;
			remoteGlobalIDString = A50000000000000000000002;
			remoteInfo = DailyWidgetWidget;
		};
/* End PBXContainerItemProxy section */

/* Begin PBXCopyFilesBuildPhase section */
		A60000000000000000000001 /* Embed Foundation Extensions */ = {
			isa = PBXCopyFilesBuildPhase;
			buildActionMask = 2147483647;
			dstPath = "";
			dstSubfolderSpec = 13;
			files = (
				A10000000000000000000010 /* DailyWidgetWidget.appex in Embed Foundation Extensions */,
			);
			name = "Embed Foundation Extensions";
			runOnlyForDeploymentPostprocessing = 0;
		};
/* End PBXCopyFilesBuildPhase section */

/* Begin PBXFileReference section */
		A20000000000000000000001 /* DailyWidgetApp.swift */ = {isa = PBXFileReference; lastKnownFileType = sourcecode.swift; path = DailyWidgetApp.swift; sourceTree = "<group>"; };
		A20000000000000000000002 /* ContentView.swift */ = {isa = PBXFileReference; lastKnownFileType = sourcecode.swift; path = ContentView.swift; sourceTree = "<group>"; };
		A20000000000000000000003 /* TimelineView.swift */ = {isa = PBXFileReference; lastKnownFileType = sourcecode.swift; path = TimelineView.swift; sourceTree = "<group>"; };
		A20000000000000000000004 /* PlannerStore.swift */ = {isa = PBXFileReference; lastKnownFileType = sourcecode.swift; path = PlannerStore.swift; sourceTree = "<group>"; };
		A20000000000000000000005 /* PlannerTask.swift */ = {isa = PBXFileReference; lastKnownFileType = sourcecode.swift; path = PlannerTask.swift; sourceTree = "<group>"; };
		A20000000000000000000006 /* WidgetSnapshot.swift */ = {isa = PBXFileReference; lastKnownFileType = sourcecode.swift; path = WidgetSnapshot.swift; sourceTree = "<group>"; };
		A20000000000000000000007 /* DailyWidgetWidget.swift */ = {isa = PBXFileReference; lastKnownFileType = sourcecode.swift; path = DailyWidgetWidget.swift; sourceTree = "<group>"; };
		A20000000000000000000008 /* DailyWidgetWidget.appex */ = {isa = PBXFileReference; explicitFileType = "wrapper.app-extension"; includeInIndex = 0; path = DailyWidgetWidget.appex; sourceTree = BUILT_PRODUCTS_DIR; };
		A20000000000000000000009 /* DailyWidget.app */ = {isa = PBXFileReference; explicitFileType = wrapper.application; includeInIndex = 0; path = DailyWidget.app; sourceTree = BUILT_PRODUCTS_DIR; };
		A20000000000000000000010 /* Info.plist */ = {isa = PBXFileReference; lastKnownFileType = text.plist.xml; path = Info.plist; sourceTree = "<group>"; };
		A20000000000000000000011 /* DailyWidget.entitlements */ = {isa = PBXFileReference; lastKnownFileType = text.plist.entitlements; path = DailyWidget.entitlements; sourceTree = "<group>"; };
		A20000000000000000000012 /* Info.plist */ = {isa = PBXFileReference; lastKnownFileType = text.plist.xml; path = Info.plist; sourceTree = "<group>"; };
		A20000000000000000000013 /* DailyWidgetWidget.entitlements */ = {isa = PBXFileReference; lastKnownFileType = text.plist.entitlements; path = DailyWidgetWidget.entitlements; sourceTree = "<group>"; };
		A20000000000000000000014 /* Assets.xcassets */ = {isa = PBXFileReference; lastKnownFileType = folder.assetcatalog; path = Assets.xcassets; sourceTree = "<group>"; };
		A20000000000000000000015 /* DesignSystem.swift */ = {isa = PBXFileReference; lastKnownFileType = sourcecode.swift; path = DesignSystem.swift; sourceTree = "<group>"; };
		A20000000000000000000016 /* TaskRepository.swift */ = {isa = PBXFileReference; lastKnownFileType = sourcecode.swift; path = TaskRepository.swift; sourceTree = "<group>"; };
		A20000000000000000000017 /* TaskRepositoryTests.swift */ = {isa = PBXFileReference; lastKnownFileType = sourcecode.swift; path = TaskRepositoryTests.swift; sourceTree = "<group>"; };
		A20000000000000000000018 /* WidgetSnapshotTests.swift */ = {isa = PBXFileReference; lastKnownFileType = sourcecode.swift; path = WidgetSnapshotTests.swift; sourceTree = "<group>"; };
		A20000000000000000000019 /* DailyWidgetTests.xctest */ = {isa = PBXFileReference; explicitFileType = wrapper.cfbundle; includeInIndex = 0; path = DailyWidgetTests.xctest; sourceTree = BUILT_PRODUCTS_DIR; };
/* End PBXFileReference section */

/* Begin PBXFrameworksBuildPhase section */
		A70000000000000000000001 /* Frameworks */ = {
			isa = PBXFrameworksBuildPhase;
			buildActionMask = 2147483647;
			files = (
			);
			runOnlyForDeploymentPostprocessing = 0;
		};
		A70000000000000000000002 /* Frameworks */ = {
			isa = PBXFrameworksBuildPhase;
			buildActionMask = 2147483647;
			files = (
			);
			runOnlyForDeploymentPostprocessing = 0;
		};
		A70000000000000000000003 /* Frameworks */ = {
			isa = PBXFrameworksBuildPhase;
			buildActionMask = 2147483647;
			files = (
			);
			runOnlyForDeploymentPostprocessing = 0;
		};
/* End PBXFrameworksBuildPhase section */

/* Begin PBXGroup section */
		A80000000000000000000001 = {
			isa = PBXGroup;
			children = (
				A80000000000000000000002 /* App */,
				A80000000000000000000003 /* Shared */,
				A80000000000000000000004 /* Widget */,
				A80000000000000000000006 /* Tests */,
				A80000000000000000000005 /* Products */,
			);
			sourceTree = "<group>";
		};
		A80000000000000000000002 /* App */ = {
			isa = PBXGroup;
			children = (
				A20000000000000000000001 /* DailyWidgetApp.swift */,
				A20000000000000000000002 /* ContentView.swift */,
				A20000000000000000000003 /* TimelineView.swift */,
				A20000000000000000000004 /* PlannerStore.swift */,
				A20000000000000000000010 /* Info.plist */,
				A20000000000000000000011 /* DailyWidget.entitlements */,
				A20000000000000000000014 /* Assets.xcassets */,
			);
			path = App;
			sourceTree = "<group>";
		};
		A80000000000000000000003 /* Shared */ = {
			isa = PBXGroup;
			children = (
				A20000000000000000000005 /* PlannerTask.swift */,
				A20000000000000000000006 /* WidgetSnapshot.swift */,
				A20000000000000000000015 /* DesignSystem.swift */,
				A20000000000000000000016 /* TaskRepository.swift */,
			);
			path = Shared;
			sourceTree = "<group>";
		};
		A80000000000000000000004 /* Widget */ = {
			isa = PBXGroup;
			children = (
				A20000000000000000000007 /* DailyWidgetWidget.swift */,
				A20000000000000000000012 /* Info.plist */,
				A20000000000000000000013 /* DailyWidgetWidget.entitlements */,
			);
			path = Widget;
			sourceTree = "<group>";
		};
		A80000000000000000000005 /* Products */ = {
			isa = PBXGroup;
			children = (
				A20000000000000000000009 /* DailyWidget.app */,
				A20000000000000000000008 /* DailyWidgetWidget.appex */,
				A20000000000000000000019 /* DailyWidgetTests.xctest */,
			);
			name = Products;
			sourceTree = "<group>";
		};
		A80000000000000000000006 /* Tests */ = {
			isa = PBXGroup;
			children = (
				A20000000000000000000017 /* TaskRepositoryTests.swift */,
				A20000000000000000000018 /* WidgetSnapshotTests.swift */,
			);
			path = Tests;
			sourceTree = "<group>";
		};
/* End PBXGroup section */

/* Begin PBXNativeTarget section */
		A50000000000000000000001 /* DailyWidget */ = {
			isa = PBXNativeTarget;
			buildConfigurationList = A90000000000000000000001 /* Build configuration list for PBXNativeTarget "DailyWidget" */;
			buildPhases = (
				A70000000000000000000001 /* Frameworks */,
				AB0000000000000000000000 /* Sources */,
				AD0000000000000000000001 /* Resources */,
				A60000000000000000000001 /* Embed Foundation Extensions */,
			);
			buildRules = (
			);
			dependencies = (
				AB0000000000000000000001 /* PBXTargetDependency */,
			);
			name = DailyWidget;
			productName = DailyWidget;
			productReference = A20000000000000000000009 /* DailyWidget.app */;
			productType = "com.apple.product-type.application";
		};
		A50000000000000000000002 /* DailyWidgetWidget */ = {
			isa = PBXNativeTarget;
			buildConfigurationList = A90000000000000000000002 /* Build configuration list for PBXNativeTarget "DailyWidgetWidget" */;
			buildPhases = (
				A70000000000000000000002 /* Frameworks */,
				AA0000000000000000000002 /* Sources */,
				AD0000000000000000000002 /* Resources */,
			);
			buildRules = (
			);
			dependencies = (
			);
			name = DailyWidgetWidget;
			productName = DailyWidgetWidget;
			productReference = A20000000000000000000008 /* DailyWidgetWidget.appex */;
			productType = "com.apple.product-type.app-extension";
		};
		A50000000000000000000003 /* DailyWidgetTests */ = {
			isa = PBXNativeTarget;
			buildConfigurationList = A90000000000000000000004 /* Build configuration list for PBXNativeTarget "DailyWidgetTests" */;
			buildPhases = (
				AA0000000000000000000003 /* Sources */,
				A70000000000000000000003 /* Frameworks */,
			);
			buildRules = (
			);
			dependencies = (
			);
			name = DailyWidgetTests;
			productName = DailyWidgetTests;
			productReference = A20000000000000000000019 /* DailyWidgetTests.xctest */;
			productType = "com.apple.product-type.bundle.unit-test";
		};
/* End PBXNativeTarget section */

/* Begin PBXProject section */
		A40000000000000000000001 /* Project object */ = {
			isa = PBXProject;
			attributes = {
				LastSwiftUpdateCheck = 1500;
				LastUpgradeCheck = 1500;
				TargetAttributes = {
					A50000000000000000000002 = {
						CreatedOnToolsVersion = 15.0;
					};
				};
			};
			buildConfigurationList = A90000000000000000000003 /* Build configuration list for PBXProject "DailyWidget" */;
			compatibilityVersion = "Xcode 14.0";
			developmentRegion = en;
			hasScannedForEncodings = 0;
			knownRegions = (
				en,
				Base,
				"zh-Hans",
			);
			mainGroup = A80000000000000000000001;
			productRefGroup = A80000000000000000000005 /* Products */;
			projectDirPath = "";
			projectRoot = "";
			targets = (
				A50000000000000000000001 /* DailyWidget */,
				A50000000000000000000002 /* DailyWidgetWidget */,
				A50000000000000000000003 /* DailyWidgetTests */,
			);
		};
/* End PBXProject section */

/* Begin PBXResourcesBuildPhase section */
		AD0000000000000000000001 /* Resources */ = {
			isa = PBXResourcesBuildPhase;
			buildActionMask = 2147483647;
			files = (
				A10000000000000000000011 /* Assets.xcassets in Resources */,
			);
			runOnlyForDeploymentPostprocessing = 0;
		};
		AD0000000000000000000002 /* Resources */ = {
			isa = PBXResourcesBuildPhase;
			buildActionMask = 2147483647;
			files = (
			);
			runOnlyForDeploymentPostprocessing = 0;
		};
/* End PBXResourcesBuildPhase section */

/* Begin PBXSourcesBuildPhase section */
		AA0000000000000000000002 /* Sources */ = {
			isa = PBXSourcesBuildPhase;
			buildActionMask = 2147483647;
			files = (
				A10000000000000000000013 /* DesignSystem.swift in Sources */,
				A10000000000000000000007 /* DailyWidgetWidget.swift in Sources */,
				A10000000000000000000008 /* PlannerTask.swift in Sources */,
				A10000000000000000000009 /* WidgetSnapshot.swift in Sources */,
				A10000000000000000000015 /* TaskRepository.swift in Sources */,
			);
			runOnlyForDeploymentPostprocessing = 0;
		};
		AB0000000000000000000000 /* Sources */ = {
			isa = PBXSourcesBuildPhase;
			buildActionMask = 2147483647;
			files = (
				A10000000000000000000012 /* DesignSystem.swift in Sources */,
				A10000000000000000000001 /* DailyWidgetApp.swift in Sources */,
				A10000000000000000000002 /* ContentView.swift in Sources */,
				A10000000000000000000003 /* TimelineView.swift in Sources */,
				A10000000000000000000004 /* PlannerStore.swift in Sources */,
				A10000000000000000000005 /* PlannerTask.swift in Sources */,
				A10000000000000000000006 /* WidgetSnapshot.swift in Sources */,
				A10000000000000000000014 /* TaskRepository.swift in Sources */,
			);
			runOnlyForDeploymentPostprocessing = 0;
		};
		AA0000000000000000000003 /* Sources */ = {
			isa = PBXSourcesBuildPhase;
			buildActionMask = 2147483647;
			files = (
				A10000000000000000000017 /* PlannerTask.swift in Sources */,
				A10000000000000000000018 /* WidgetSnapshot.swift in Sources */,
				A10000000000000000000016 /* TaskRepository.swift in Sources */,
				A10000000000000000000019 /* TaskRepositoryTests.swift in Sources */,
				A10000000000000000000020 /* WidgetSnapshotTests.swift in Sources */,
			);
			runOnlyForDeploymentPostprocessing = 0;
		};
/* End PBXSourcesBuildPhase section */

/* Begin PBXTargetDependency section */
		AB0000000000000000000001 /* PBXTargetDependency */ = {
			isa = PBXTargetDependency;
			target = A50000000000000000000002 /* DailyWidgetWidget */;
			targetProxy = A30000000000000000000001 /* PBXContainerItemProxy */;
		};
/* End PBXTargetDependency section */

/* Begin XCBuildConfiguration section */
		AC0000000000000000000001 /* Debug */ = {
			isa = XCBuildConfiguration;
			buildSettings = {
				ALWAYS_SEARCH_USER_PATHS = NO;
				CLANG_ENABLE_MODULES = YES;
				CLANG_ENABLE_OBJC_ARC = YES;
				IPHONEOS_DEPLOYMENT_TARGET = 17.0;
				SDKROOT = iphoneos;
				SWIFT_VERSION = 5.0;
			};
			name = Debug;
		};
		AC0000000000000000000002 /* Release */ = {
			isa = XCBuildConfiguration;
			buildSettings = {
				ALWAYS_SEARCH_USER_PATHS = NO;
				CLANG_ENABLE_MODULES = YES;
				CLANG_ENABLE_OBJC_ARC = YES;
				IPHONEOS_DEPLOYMENT_TARGET = 17.0;
				SDKROOT = iphoneos;
				SWIFT_VERSION = 5.0;
			};
			name = Release;
		};
		AC0000000000000000000003 /* Debug */ = {
			isa = XCBuildConfiguration;
			buildSettings = {
				ASSETCATALOG_COMPILER_APPICON_NAME = AppIcon;
				CODE_SIGN_ENTITLEMENTS = App/DailyWidget.entitlements;
				CODE_SIGN_STYLE = Automatic;
				CURRENT_PROJECT_VERSION = 2;
				DEVELOPMENT_TEAM = B3W4J793AD;
				INFOPLIST_FILE = App/Info.plist;
				IPHONEOS_DEPLOYMENT_TARGET = 17.0;
				MARKETING_VERSION = 1.0;
				PRODUCT_BUNDLE_IDENTIFIER = com.guanshiyang.dailywidget;
				PRODUCT_NAME = "$(TARGET_NAME)";
				SWIFT_VERSION = 5.0;
				TARGETED_DEVICE_FAMILY = "1,2";
			};
			name = Debug;
		};
		AC0000000000000000000004 /* Release */ = {
			isa = XCBuildConfiguration;
			buildSettings = {
				ASSETCATALOG_COMPILER_APPICON_NAME = AppIcon;
				CODE_SIGN_ENTITLEMENTS = App/DailyWidget.entitlements;
				CODE_SIGN_STYLE = Automatic;
				CURRENT_PROJECT_VERSION = 2;
				DEVELOPMENT_TEAM = B3W4J793AD;
				INFOPLIST_FILE = App/Info.plist;
				IPHONEOS_DEPLOYMENT_TARGET = 17.0;
				MARKETING_VERSION = 1.0;
				PRODUCT_BUNDLE_IDENTIFIER = com.guanshiyang.dailywidget;
				PRODUCT_NAME = "$(TARGET_NAME)";
				SWIFT_VERSION = 5.0;
				TARGETED_DEVICE_FAMILY = "1,2";
			};
			name = Release;
		};
		AC0000000000000000000005 /* Debug */ = {
			isa = XCBuildConfiguration;
			buildSettings = {
				CODE_SIGN_ENTITLEMENTS = Widget/DailyWidgetWidget.entitlements;
				CODE_SIGN_STYLE = Automatic;
				CURRENT_PROJECT_VERSION = 2;
				DEVELOPMENT_TEAM = B3W4J793AD;
				INFOPLIST_FILE = Widget/Info.plist;
				IPHONEOS_DEPLOYMENT_TARGET = 17.0;
				MARKETING_VERSION = 1.0;
				PRODUCT_BUNDLE_IDENTIFIER = com.guanshiyang.dailywidget.widget;
				PRODUCT_NAME = "$(TARGET_NAME)";
				SKIP_INSTALL = YES;
				SWIFT_VERSION = 5.0;
			};
			name = Debug;
		};
		AC0000000000000000000006 /* Release */ = {
			isa = XCBuildConfiguration;
			buildSettings = {
				CODE_SIGN_ENTITLEMENTS = Widget/DailyWidgetWidget.entitlements;
				CODE_SIGN_STYLE = Automatic;
				CURRENT_PROJECT_VERSION = 2;
				DEVELOPMENT_TEAM = B3W4J793AD;
				INFOPLIST_FILE = Widget/Info.plist;
				IPHONEOS_DEPLOYMENT_TARGET = 17.0;
				MARKETING_VERSION = 1.0;
				PRODUCT_BUNDLE_IDENTIFIER = com.guanshiyang.dailywidget.widget;
				PRODUCT_NAME = "$(TARGET_NAME)";
				SKIP_INSTALL = YES;
				SWIFT_VERSION = 5.0;
			};
			name = Release;
		};
		AC0000000000000000000007 /* Debug */ = {
			isa = XCBuildConfiguration;
			buildSettings = {
				CODE_SIGN_STYLE = Automatic;
				CURRENT_PROJECT_VERSION = 2;
				DEVELOPMENT_TEAM = B3W4J793AD;
				GENERATE_INFOPLIST_FILE = YES;
				IPHONEOS_DEPLOYMENT_TARGET = 17.0;
				MARKETING_VERSION = 1.0;
				PRODUCT_BUNDLE_IDENTIFIER = com.guanshiyang.dailywidget.tests;
				PRODUCT_NAME = "$(TARGET_NAME)";
				SWIFT_VERSION = 5.0;
				TARGETED_DEVICE_FAMILY = "1,2";
			};
			name = Debug;
		};
		AC0000000000000000000008 /* Release */ = {
			isa = XCBuildConfiguration;
			buildSettings = {
				CODE_SIGN_STYLE = Automatic;
				CURRENT_PROJECT_VERSION = 2;
				DEVELOPMENT_TEAM = B3W4J793AD;
				GENERATE_INFOPLIST_FILE = YES;
				IPHONEOS_DEPLOYMENT_TARGET = 17.0;
				MARKETING_VERSION = 1.0;
				PRODUCT_BUNDLE_IDENTIFIER = com.guanshiyang.dailywidget.tests;
				PRODUCT_NAME = "$(TARGET_NAME)";
				SWIFT_VERSION = 5.0;
				TARGETED_DEVICE_FAMILY = "1,2";
			};
			name = Release;
		};
/* End XCBuildConfiguration section */

/* Begin XCConfigurationList section */
		A90000000000000000000001 /* Build configuration list for PBXNativeTarget "DailyWidget" */ = {
			isa = XCConfigurationList;
			buildConfigurations = (
				AC0000000000000000000003 /* Debug */,
				AC0000000000000000000004 /* Release */,
			);
			defaultConfigurationIsVisible = 0;
			defaultConfigurationName = Release;
		};
		A90000000000000000000002 /* Build configuration list for PBXNativeTarget "DailyWidgetWidget" */ = {
			isa = XCConfigurationList;
			buildConfigurations = (
				AC0000000000000000000005 /* Debug */,
				AC0000000000000000000006 /* Release */,
			);
			defaultConfigurationIsVisible = 0;
			defaultConfigurationName = Release;
		};
		A90000000000000000000003 /* Build configuration list for PBXProject "DailyWidget" */ = {
			isa = XCConfigurationList;
			buildConfigurations = (
				AC0000000000000000000001 /* Debug */,
				AC0000000000000000000002 /* Release */,
			);
			defaultConfigurationIsVisible = 0;
			defaultConfigurationName = Release;
		};
		A90000000000000000000004 /* Build configuration list for PBXNativeTarget "DailyWidgetTests" */ = {
			isa = XCConfigurationList;
			buildConfigurations = (
				AC0000000000000000000007 /* Debug */,
				AC0000000000000000000008 /* Release */,
			);
			defaultConfigurationIsVisible = 0;
			defaultConfigurationName = Release;
		};
/* End XCConfigurationList section */
	};
	rootObject = A40000000000000000000001 /* Project object */;
}
